// !$*UTF8*$!
{
	archiveVersion = 1;
	classes = {
	};
	objectVersion = 46;
	objects = {

/* Begin PBXBuildFile section */
		795470C5184EA6AE003DBD8F /* Foundation.framework in Frameworks */ = {isa = PBXBuildFile; fileRef = 795470C4184EA6AE003DBD8F /* Foundation.framework */; };
		795470C7184EA6AE003DBD8F /* CoreGraphics.framework in Frameworks */ = {isa = PBXBuildFile; fileRef = 795470C6184EA6AE003DBD8F /* CoreGraphics.framework */; };
		795470C9184EA6AE003DBD8F /* UIKit.framework in Frameworks */ = {isa = PBXBuildFile; fileRef = 795470C8184EA6AE003DBD8F /* UIKit.framework */; };
		795470CF184EA6AE003DBD8F /* InfoPlist.strings in Resources */ = {isa = PBXBuildFile; fileRef = 795470CD184EA6AE003DBD8F /* InfoPlist.strings */; };
		795470D1184EA6AE003DBD8F /* main.m in Sources */ = {isa = PBXBuildFile; fileRef = 795470D0184EA6AE003DBD8F /* main.m */; };
		795470D5184EA6AE003DBD8F /* TunerProtoAppDelegate.m in Sources */ = {isa = PBXBuildFile; fileRef = 795470D4184EA6AE003DBD8F /* TunerProtoAppDelegate.m */; };
		795470D7184EA6AE003DBD8F /* Images.xcassets in Resources */ = {isa = PBXBuildFile; fileRef = 795470D6184EA6AE003DBD8F /* Images.xcassets */; };
		795470DE184EA6AF003DBD8F /* XCTest.framework in Frameworks */ = {isa = PBXBuildFile; fileRef = 795470DD184EA6AF003DBD8F /* XCTest.framework */; };
		795470DF184EA6AF003DBD8F /* Foundation.framework in Frameworks */ = {isa = PBXBuildFile; fileRef = 795470C4184EA6AE003DBD8F /* Foundation.framework */; };
		795470E0184EA6AF003DBD8F /* UIKit.framework in Frameworks */ = {isa = PBXBuildFile; fileRef = 795470C8184EA6AE003DBD8F /* UIKit.framework */; };
		795470E8184EA6AF003DBD8F /* InfoPlist.strings in Resources */ = {isa = PBXBuildFile; fileRef = 795470E6184EA6AF003DBD8F /* InfoPlist.strings */; };
		795470EA184EA6AF003DBD8F /* PipeTunerTests.m in Sources */ = {isa = PBXBuildFile; fileRef = 795470E9184EA6AF003DBD8F /* PipeTunerTests.m */; };
/* End PBXBuildFile section */

/* Begin PBXContainerItemProxy section */
		795470E1184EA6AF003DBD8F /* PBXContainerItemProxy */ = {
			isa = PBXContainerItemProxy;
			containerPortal = 795470B9184EA6AE003DBD8F /* Project object */;
			proxyType = 1;
			remoteGlobalIDString = 795470C0184EA6AE003DBD8F;
			remoteInfo = PipeTuner;
		};
/* End PBXContainerItemProxy section */

/* Begin PBXFileReference section */
		795470C1184EA6AE003DBD8F /* PipeTuner.app */ = {isa = PBXFileReference; explicitFileType = wrapper.application; includeInIndex = 0; path = PipeTuner.app; sourceTree = BUILT_PRODUCTS_DIR; };
		795470C4184EA6AE003DBD8F /* Foundation.framework */ = {isa = PBXFileReference; lastKnownFileType = wrapper.framework; name = Foundation.framework; path = System/Library/Frameworks/Foundation.framework; sourceTree = SDKROOT; };
		795470C6184EA6AE003DBD8F /* CoreGraphics.framework */ = {isa = PBXFileReference; lastKnownFileType = wrapper.framework; name = CoreGraphics.framework; path = System/Library/Frameworks/CoreGraphics.framework; sourceTree = SDKROOT; };
		795470C8184EA6AE003DBD8F /* UIKit.framework */ = {isa = PBXFileReference; lastKnownFileType = wrapper.framework; name = UIKit.framework; path = System/Library/Frameworks/UIKit.framework; sourceTree = SDKROOT; };
		795470CC184EA6AE003DBD8F /* PipeTuner-Info.plist */ = {isa = PBXFileReference; lastKnownFileType = text.plist.xml; path = "PipeTuner-Info.plist"; sourceTree = "<group>"; };
		795470CE184EA6AE003DBD8F /* en */ = {isa = PBXFileReference; lastKnownFileType = text.plist.strings; name = en; path = en.lproj/InfoPlist.strings; sourceTree = "<group>"; };
		795470D0184EA6AE003DBD8F /* main.m */ = {isa = PBXFileReference; lastKnownFileType = sourcecode.c.objc; path = main.m; sourceTree = "<group>"; };
		795470D2184EA6AE003DBD8F /* PipeTuner-Prefix.pch */ = {isa = PBXFileReference; lastKnownFileType = sourcecode.c.h; path = "PipeTuner-Prefix.pch"; sourceTree = "<group>"; };
		795470D3184EA6AE003DBD8F /* TunerProtoAppDelegate.h */ = {isa = PBXFileReference; lastKnownFileType = sourcecode.c.h; path = TunerProtoAppDelegate.h; sourceTree = "<group>"; };
		795470D4184EA6AE003DBD8F /* TunerProtoAppDelegate.m */ = {isa = PBXFileReference; lastKnownFileType = sourcecode.c.objc; path = TunerProtoAppDelegate.m; sourceTree = "<group>"; };
		795470D6184EA6AE003DBD8F /* Images.xcassets */ = {isa = PBXFileReference; lastKnownFileType = folder.assetcatalog; path = Images.xcassets; sourceTree = "<group>"; };
		795470DC184EA6AE003DBD8F /* PipeTunerTests.xctest */ = {isa = PBXFileReference; explicitFileType = wrapper.cfbundle; includeInIndex = 0; path = PipeTunerTests.xctest; sourceTree = BUILT_PRODUCTS_DIR; };
		795470DD184EA6AF003DBD8F /* XCTest.framework */ = {isa = PBXFileReference; lastKnownFileType = wrapper.framework; name = XCTest.framework; path = Library/Frameworks/XCTest.framework; sourceTree = DEVELOPER_DIR; };
		795470E5184EA6AF003DBD8F /* PipeTunerTests-Info.plist */ = {isa = PBXFileReference; lastKnownFileType = text.plist.xml; path = "PipeTunerTests-Info.plist"; sourceTree = "<group>"; };
		795470E7184EA6AF003DBD8F /* en */ = {isa = PBXFileReference; lastKnownFileType = text.plist.strings; name = en; path = en.lproj/InfoPlist.strings; sourceTree = "<group>"; };
		795470E9184EA6AF003DBD8F /* PipeTunerTests.m */ = {isa = PBXFileReference; lastKnownFileType = sourcecode.c.objc; path = PipeTunerTests.m; sourceTree = "<group>"; };
/* End PBXFileReference section */

/* Begin PBXFrameworksBuildPhase section */
		795470BE184EA6AE003DBD8F /* Frameworks */ = {
			isa = PBXFrameworksBuildPhase;
			buildActionMask = 2147483647;
			files = (
				795470C7184EA6AE003DBD8F /* CoreGraphics.framework in Frameworks */,
				795470C9184EA6AE003DBD8F /* UIKit.framework in Frameworks */,
				795470C5184EA6AE003DBD8F /* Foundation.framework in Frameworks */,
			);
			runOnlyForDeploymentPostprocessing = 0;
		};
		795470D9184EA6AE003DBD8F /* Frameworks */ = {
			isa = PBXFrameworksBuildPhase;
			buildActionMask = 2147483647;
			files = (
				795470DE184EA6AF003DBD8F /* XCTest.framework in Frameworks */,
				795470E0184EA6AF003DBD8F /* UIKit.framework in Frameworks */,
				795470DF184EA6AF003DBD8F /* Foundation.framework in Frameworks */,
			);
			runOnlyForDeploymentPostprocessing = 0;
		};
/* End PBXFrameworksBuildPhase section */

/* Begin PBXGroup section */
		795470B8184EA6AE003DBD8F = {
			isa = PBXGroup;
			children = (
				795470CA184EA6AE003DBD8F /* PipeTuner */,
				795470E3184EA6AF003DBD8F /* PipeTunerTests */,
				795470C3184EA6AE003DBD8F /* Frameworks */,
				795470C2184EA6AE003DBD8F /* Products */,
			);
			sourceTree = "<group>";
		};
		795470C2184EA6AE003DBD8F /* Products */ = {
			isa = PBXGroup;
			children = (
				795470C1184EA6AE003DBD8F /* PipeTuner.app */,
				795470DC184EA6AE003DBD8F /* PipeTunerTests.xctest */,
			);
			name = Products;
			sourceTree = "<group>";
		};
		795470C3184EA6AE003DBD8F /* Frameworks */ = {
			isa = PBXGroup;
			children = (
				795470C4184EA6AE003DBD8F /* Foundation.framework */,
				795470C6184EA6AE003DBD8F /* CoreGraphics.framework */,
				795470C8184EA6AE003DBD8F /* UIKit.framework */,
				795470DD184EA6AF003DBD8F /* XCTest.framework */,
			);
			name = Frameworks;
			sourceTree = "<group>";
		};
		795470CA184EA6AE003DBD8F /* PipeTuner */ = {
			isa = PBXGroup;
			children = (
				795470D3184EA6AE003DBD8F /* TunerProtoAppDelegate.h */,
				795470D4184EA6AE003DBD8F /* TunerProtoAppDelegate.m */,
				795470D6184EA6AE003DBD8F /* Images.xcassets */,
				795470CB184EA6AE003DBD8F /* Supporting Files */,
			);
			path = PipeTuner;
			sourceTree = "<group>";
		};
		795470CB184EA6AE003DBD8F /* Supporting Files */ = {
			isa = PBXGroup;
			children = (
				795470CC184EA6AE003DBD8F /* PipeTuner-Info.plist */,
				795470CD184EA6AE003DBD8F /* InfoPlist.strings */,
				795470D0184EA6AE003DBD8F /* main.m */,
				795470D2184EA6AE003DBD8F /* PipeTuner-Prefix.pch */,
			);
			name = "Supporting Files";
			sourceTree = "<group>";
		};
		795470E3184EA6AF003DBD8F /* PipeTunerTests */ = {
			isa = PBXGroup;
			children = (
				795470E9184EA6AF003DBD8F /* PipeTunerTests.m */,
				795470E4184EA6AF003DBD8F /* Supporting Files */,
			);
			path = PipeTunerTests;
			sourceTree = "<group>";
		};
		795470E4184EA6AF003DBD8F /* Supporting Files */ = {
			isa = PBXGroup;
			children = (
				795470E5184EA6AF003DBD8F /* PipeTunerTests-Info.plist */,
				795470E6184EA6AF003DBD8F /* InfoPlist.strings */,
			);
			name = "Supporting Files";
			sourceTree = "<group>";
		};
/* End PBXGroup section */

/* Begin PBXNativeTarget section */
		795470C0184EA6AE003DBD8F /* PipeTuner */ = {
			isa = PBXNativeTarget;
			buildConfigurationList = 795470ED184EA6AF003DBD8F /* Build configuration list for PBXNativeTarget "PipeTuner" */;
			buildPhases = (
				795470BD184EA6AE003DBD8F /* Sources */,
				795470BE184EA6AE003DBD8F /* Frameworks */,
				795470BF184EA6AE003DBD8F /* Resources */,
			);
			buildRules = (
			);
			dependencies = (
			);
			name = PipeTuner;
			productName = PipeTuner;
			productReference = 795470C1184EA6AE003DBD8F /* PipeTuner.app */;
			productType = "com.apple.product-type.application";
		};
		795470DB184EA6AE003DBD8F /* PipeTunerTests */ = {
			isa = PBXNativeTarget;
			buildConfigurationList = 795470F0184EA6AF003DBD8F /* Build configuration list for PBXNativeTarget "PipeTunerTests" */;
			buildPhases = (
				795470D8184EA6AE003DBD8F /* Sources */,
				795470D9184EA6AE003DBD8F /* Frameworks */,
				795470DA184EA6AE003DBD8F /* Resources */,
			);
			buildRules = (
			);
			dependencies = (
				795470E2184EA6AF003DBD8F /* PBXTargetDependency */,
			);
			name = PipeTunerTests;
			productName = PipeTunerTests;
			productReference = 795470DC184EA6AE003DBD8F /* PipeTunerTests.xctest */;
			productType = "com.apple.product-type.bundle.unit-test";
		};
/* End PBXNativeTarget section */

/* Begin PBXProject section */
		795470B9184EA6AE003DBD8F /* Project object */ = {
			isa = PBXProject;
			attributes = {
				CLASSPREFIX = TunerProto;
				LastUpgradeCheck = 0500;
				ORGANIZATIONNAME = "Richard Whitney";
				TargetAttributes = {
					795470DB184EA6AE003DBD8F = {
						TestTargetID = 795470C0184EA6AE003DBD8F;
					};
				};
			};
			buildConfigurationList = 795470BC184EA6AE003DBD8F /* Build configuration list for PBXProject "PipeTuner" */;
			compatibilityVersion = "Xcode 3.2";
			developmentRegion = English;
			hasScannedForEncodings = 0;
			knownRegions = (
				en,
			);
			mainGroup = 795470B8184EA6AE003DBD8F;
			productRefGroup = 795470C2184EA6AE003DBD8F /* Products */;
			projectDirPath = "";
			projectRoot = "";
			targets = (
				795470C0184EA6AE003DBD8F /* PipeTuner */,
				795470DB184EA6AE003DBD8F /* PipeTunerTests */,
			);
		};
/* End PBXProject section */

/* Begin PBXResourcesBuildPhase section */
		795470BF184EA6AE003DBD8F /* Resources */ = {
			isa = PBXResourcesBuildPhase;
			buildActionMask = 2147483647;
			files = (
				795470CF184EA6AE003DBD8F /* InfoPlist.strings in Resources */,
				795470D7184EA6AE003DBD8F /* Images.xcassets in Resources */,
			);
			runOnlyForDeploymentPostprocessing = 0;
		};
		795470DA184EA6AE003DBD8F /* Resources */ = {
			isa = PBXResourcesBuildPhase;
			buildActionMask = 2147483647;
			files = (
				795470E8184EA6AF003DBD8F /* InfoPlist.strings in Resources */,
			);
			runOnlyForDeploymentPostprocessing = 0;
		};
/* End PBXResourcesBuildPhase section */

/* Begin PBXSourcesBuildPhase section */
		795470BD184EA6AE003DBD8F /* Sources */ = {
			isa = PBXSourcesBuildPhase;
			buildActionMask = 2147483647;
			files = (
				795470D5184EA6AE003DBD8F /* TunerProtoAppDelegate.m in Sources */,
				795470D1184EA6AE003DBD8F /* main.m in Sources */,
			);
			runOnlyForDeploymentPostprocessing = 0;
		};
		795470D8184EA6AE003DBD8F /* Sources */ = {
			isa = PBXSourcesBuildPhase;
			buildActionMask = 2147483647;
			files = (
				795470EA184EA6AF003DBD8F /* PipeTunerTests.m in Sources */,
			);
			runOnlyForDeploymentPostprocessing = 0;
		};
/* End PBXSourcesBuildPhase section */

/* Begin PBXTargetDependency section */
		795470E2184EA6AF003DBD8F /* PBXTargetDependency */ = {
			isa = PBXTargetDependency;
			target = 795470C0184EA6AE003DBD8F /* PipeTuner */;
			targetProxy = 795470E1184EA6AF003DBD8F /* PBXContainerItemProxy */;
		};
/* End PBXTargetDependency section */

/* Begin PBXVariantGroup section */
		795470CD184EA6AE003DBD8F /* InfoPlist.strings */ = {
			isa = PBXVariantGroup;
			children = (
				795470CE184EA6AE003DBD8F /* en */,
			);
			name = InfoPlist.strings;
			sourceTree = "<group>";
		};
		795470E6184EA6AF003DBD8F /* InfoPlist.strings */ = {
			isa = PBXVariantGroup;
			children = (
				795470E7184EA6AF003DBD8F /* en */,
			);
			name = InfoPlist.strings;
			sourceTree = "<group>";
		};
/* End PBXVariantGroup section */

/* Begin XCBuildConfiguration section */
		795470EB184EA6AF003DBD8F /* Debug */ = {
			isa = XCBuildConfiguration;
			buildSettings = {
				ALWAYS_SEARCH_USER_PATHS = NO;
				ARCHS = "$(ARCHS_STANDARD_INCLUDING_64_BIT)";
				CLANG_CXX_LANGUAGE_STANDARD = "gnu++0x";
				CLANG_CXX_LIBRARY = "libc++";
				CLANG_ENABLE_MODULES = YES;
				CLANG_ENABLE_OBJC_ARC = YES;
				CLANG_WARN_BOOL_CONVERSION = YES;
				CLANG_WARN_CONSTANT_CONVERSION = YES;
				CLANG_WARN_DIRECT_OBJC_ISA_USAGE = YES_ERROR;
				CLANG_WARN_EMPTY_BODY = YES;
				CLANG_WARN_ENUM_CONVERSION = YES;
				CLANG_WARN_INT_CONVERSION = YES;
				CLANG_WARN_OBJC_ROOT_CLASS = YES_ERROR;
				CLANG_WARN__DUPLICATE_METHOD_MATCH = YES;
				"CODE_SIGN_IDENTITY[sdk=iphoneos*]" = "iPhone Developer";
				COPY_PHASE_STRIP = NO;
				GCC_C_LANGUAGE_STANDARD = gnu99;
				GCC_DYNAMIC_NO_PIC = NO;
				GCC_OPTIMIZATION_LEVEL = 0;
				GCC_PREPROCESSOR_DEFINITIONS = (
					"DEBUG=1",
					"$(inherited)",
				);
				GCC_SYMBOLS_PRIVATE_EXTERN = NO;
				GCC_WARN_64_TO_32_BIT_CONVERSION = YES;
				GCC_WARN_ABOUT_RETURN_TYPE = YES_ERROR;
				GCC_WARN_UNDECLARED_SELECTOR = YES;
				GCC_WARN_UNINITIALIZED_AUTOS = YES;
				GCC_WARN_UNUSED_FUNCTION = YES;
				GCC_WARN_UNUSED_VARIABLE = YES;
				IPHONEOS_DEPLOYMENT_TARGET = 7.0;
				ONLY_ACTIVE_ARCH = YES;
				SDKROOT = iphoneos;
				TARGETED_DEVICE_FAMILY = "1,2";
			};
			name = Debug;
		};
		795470EC184EA6AF003DBD8F /* Release */ = {
			isa = XCBuildConfiguration;
			buildSettings = {
				ALWAYS_SEARCH_USER_PATHS = NO;
				ARCHS = "$(ARCHS_STANDARD_INCLUDING_64_BIT)";
				CLANG_CXX_LANGUAGE_STANDARD = "gnu++0x";
				CLANG_CXX_LIBRARY = "libc++";
				CLANG_ENABLE_MODULES = YES;
				CLANG_ENABLE_OBJC_ARC = YES;
				CLANG_WARN_BOOL_CONVERSION = YES;
				CLANG_WARN_CONSTANT_CONVERSION = YES;
				CLANG_WARN_DIRECT_OBJC_ISA_USAGE = YES_ERROR;
				CLANG_WARN_EMPTY_BODY = YES;
				CLANG_WARN_ENUM_CONVERSION = YES;
				CLANG_WARN_INT_CONVERSION = YES;
				CLANG_WARN_OBJC_ROOT_CLASS = YES_ERROR;
				CLANG_WARN__DUPLICATE_METHOD_MATCH = YES;
				"CODE_SIGN_IDENTITY[sdk=iphoneos*]" = "iPhone Developer";
				COPY_PHASE_STRIP = YES;
				ENABLE_NS_ASSERTIONS = NO;
				GCC_C_LANGUAGE_STANDARD = gnu99;
				GCC_WARN_64_TO_32_BIT_CONVERSION = YES;
				GCC_WARN_ABOUT_RETURN_TYPE = YES_ERROR;
				GCC_WARN_UNDECLARED_SELECTOR = YES;
				GCC_WARN_UNINITIALIZED_AUTOS = YES;
				GCC_WARN_UNUSED_FUNCTION = YES;
				GCC_WARN_UNUSED_VARIABLE = YES;
				IPHONEOS_DEPLOYMENT_TARGET = 7.0;
				SDKROOT = iphoneos;
				TARGETED_DEVICE_FAMILY = "1,2";
				VALIDATE_PRODUCT = YES;
			};
			name = Release;
		};
		795470EE184EA6AF003DBD8F /* Debug */ = {
			isa = XCBuildConfiguration;
			buildSettings = {
				ASSETCATALOG_COMPILER_APPICON_NAME = AppIcon;
				ASSETCATALOG_COMPILER_LAUNCHIMAGE_NAME = LaunchImage;
				GCC_PRECOMPILE_PREFIX_HEADER = YES;
				GCC_PREFIX_HEADER = "PipeTuner/PipeTuner-Prefix.pch";
				INFOPLIST_FILE = "PipeTuner/PipeTuner-Info.plist";
				PRODUCT_NAME = "$(TARGET_NAME)";
				WRAPPER_EXTENSION = app;
			};
			name = Debug;
		};
		795470EF184EA6AF003DBD8F /* Release */ = {
			isa = XCBuildConfiguration;
			buildSettings = {
				ASSETCATALOG_COMPILER_APPICON_NAME = AppIcon;
				ASSETCATALOG_COMPILER_LAUNCHIMAGE_NAME = LaunchImage;
				GCC_PRECOMPILE_PREFIX_HEADER = YES;
				GCC_PREFIX_HEADER = "PipeTuner/PipeTuner-Prefix.pch";
				INFOPLIST_FILE = "PipeTuner/PipeTuner-Info.plist";
				PRODUCT_NAME = "$(TARGET_NAME)";
				WRAPPER_EXTENSION = app;
			};
			name = Release;
		};
		795470F1184EA6AF003DBD8F /* Debug */ = {
			isa = XCBuildConfiguration;
			buildSettings = {
				ARCHS = "$(ARCHS_STANDARD_INCLUDING_64_BIT)";
				BUNDLE_LOADER = "$(BUILT_PRODUCTS_DIR)/PipeTuner.app/PipeTuner";
				FRAMEWORK_SEARCH_PATHS = (
					"$(SDKROOT)/Developer/Library/Frameworks",
					"$(inherited)",
					"$(DEVELOPER_FRAMEWORKS_DIR)",
				);
				GCC_PRECOMPILE_PREFIX_HEADER = YES;
				GCC_PREFIX_HEADER = "PipeTuner/PipeTuner-Prefix.pch";
				GCC_PREPROCESSOR_DEFINITIONS = (
					"DEBUG=1",
					"$(inherited)",
				);
				INFOPLIST_FILE = "PipeTunerTests/PipeTunerTests-Info.plist";
				PRODUCT_NAME = "$(TARGET_NAME)";
				TEST_HOST = "$(BUNDLE_LOADER)";
				WRAPPER_EXTENSION = xctest;
			};
			name = Debug;
		};
		795470F2184EA6AF003DBD8F /* Release */ = {
			isa = XCBuildConfiguration;
			buildSettings = {
				ARCHS = "$(ARCHS_STANDARD_INCLUDING_64_BIT)";
				BUNDLE_LOADER = "$(BUILT_PRODUCTS_DIR)/PipeTuner.app/PipeTuner";
				FRAMEWORK_SEARCH_PATHS = (
					"$(SDKROOT)/Developer/Library/Frameworks",
					"$(inherited)",
					"$(DEVELOPER_FRAMEWORKS_DIR)",
				);
				GCC_PRECOMPILE_PREFIX_HEADER = YES;
				GCC_PREFIX_HEADER = "PipeTuner/PipeTuner-Prefix.pch";
				INFOPLIST_FILE = "PipeTunerTests/PipeTunerTests-Info.plist";
				PRODUCT_NAME = "$(TARGET_NAME)";
				TEST_HOST = "$(BUNDLE_LOADER)";
				WRAPPER_EXTENSION = xctest;
			};
			name = Release;
		};
/* End XCBuildConfiguration section */

/* Begin XCConfigurationList section */
		795470BC184EA6AE003DBD8F /* Build configuration list for PBXProject "PipeTuner" */ = {
			isa = XCConfigurationList;
			buildConfigurations = (
				795470EB184EA6AF003DBD8F /* Debug */,
				795470EC184EA6AF003DBD8F /* Release */,
			);
			defaultConfigurationIsVisible = 0;
			defaultConfigurationName = Release;
		};
		795470ED184EA6AF003DBD8F /* Build configuration list for PBXNativeTarget "PipeTuner" */ = {
			isa = XCConfigurationList;
			buildConfigurations = (
				795470EE184EA6AF003DBD8F /* Debug */,
				795470EF184EA6AF003DBD8F /* Release */,
			);
			defaultConfigurationIsVisible = 0;
		};
		795470F0184EA6AF003DBD8F /* Build configuration list for PBXNativeTarget "PipeTunerTests" */ = {
			isa = XCConfigurationList;
			buildConfigurations = (
				795470F1184EA6AF003DBD8F /* Debug */,
				795470F2184EA6AF003DBD8F /* Release */,
			);
			defaultConfigurationIsVisible = 0;
		};
/* End XCConfigurationList section */
	};
	rootObject = 795470B9184EA6AE003DBD8F /* Project object */;
}
